
Microsoft Visual Studio Solution File, Format Version 12.00
# Visual Studio Version 16
VisualStudioVersion = 16.0.30503.244
MinimumVisualStudioVersion = 10.0.40219.1
Project("{8BC9CEB8-8B4A-11D0-8D11-00A0C91BC942}") = "Hook", "Hook\Hook.vcxproj", "{F5B9870C-D1BD-408D-A6EE-6E20EA2B826F}"
EndProject
Project("{8BC9CEB8-8B4A-11D0-8D11-00A0C91BC942}") = "Inject", "Inject\Inject.vcxproj", "{9D658CCE-AF08-4A5A-A394-B8172C52F3B2}"
EndProject
Project("{8BC9CEB8-8B4A-11D0-8D11-00A0C91BC942}") = "Detours", "Detours\vc\Detours.vcxproj", "{37489709-8054-4903-9C49-A79846049FC9}"
EndProject
Global
	GlobalSection(SolutionConfigurationPlatforms) = preSolution
		Debug|ARM = Debug|ARM
		Debug|ARM64 = Debug|ARM64
		Debug|Win32 = Debug|Win32
		Debug|x64 = Debug|x64
		Debug|x86 = Debug|x86
		DebugMDd|ARM = DebugMDd|ARM
		DebugMDd|ARM64 = DebugMDd|ARM64
		DebugMDd|Win32 = DebugMDd|Win32
		DebugMDd|x64 = DebugMDd|x64
		DebugMDd|x86 = DebugMDd|x86
		Release|ARM = Release|ARM
		Release|ARM64 = Release|ARM64
		Release|Win32 = Release|Win32
		Release|x64 = Release|x64
		Release|x86 = Release|x86
		ReleaseMD|ARM = ReleaseMD|ARM
		ReleaseMD|ARM64 = ReleaseMD|ARM64
		ReleaseMD|Win32 = ReleaseMD|Win32
		ReleaseMD|x64 = ReleaseMD|x64
		ReleaseMD|x86 = ReleaseMD|x86
	EndGlobalSection
	GlobalSection(ProjectConfigurationPlatforms) = postSolution
		{F5B9870C-D1BD-408D-A6EE-6E20EA2B826F}.Debug|ARM.ActiveCfg = Debug|Win32
		{F5B9870C-D1BD-408D-A6EE-6E20EA2B826F}.Debug|ARM64.ActiveCfg = Debug|Win32
		{F5B9870C-D1BD-408D-A6EE-6E20EA2B826F}.Debug|Win32.ActiveCfg = Debug|Win32
		{F5B9870C-D1BD-408D-A6EE-6E20EA2B826F}.Debug|Win32.Build.0 = Debug|Win32
		{F5B9870C-D1BD-408D-A6EE-6E20EA2B826F}.Debug|x64.ActiveCfg = Debug|x64
		{F5B9870C-D1BD-408D-A6EE-6E20EA2B826F}.Debug|x64.Build.0 = Debug|x64
		{F5B9870C-D1BD-408D-A6EE-6E20EA2B826F}.Debug|x86.ActiveCfg = Debug|Win32
		{F5B9870C-D1BD-408D-A6EE-6E20EA2B826F}.Debug|x86.Build.0 = Debug|Win32
		{F5B9870C-D1BD-408D-A6EE-6E20EA2B826F}.DebugMDd|ARM.ActiveCfg = Debug|Win32
		{F5B9870C-D1BD-408D-A6EE-6E20EA2B826F}.DebugMDd|ARM.Build.0 = Debug|Win32
		{F5B9870C-D1BD-408D-A6EE-6E20EA2B826F}.DebugMDd|ARM64.ActiveCfg = Debug|Win32
		{F5B9870C-D1BD-408D-A6EE-6E20EA2B826F}.DebugMDd|ARM64.Build.0 = Debug|Win32
		{F5B9870C-D1BD-408D-A6EE-6E20EA2B826F}.DebugMDd|Win32.ActiveCfg = Debug|Win32
		{F5B9870C-D1BD-408D-A6EE-6E20EA2B826F}.DebugMDd|Win32.Build.0 = Debug|Win32
		{F5B9870C-D1BD-408D-A6EE-6E20EA2B826F}.DebugMDd|x64.ActiveCfg = Debug|x64
		{F5B9870C-D1BD-408D-A6EE-6E20EA2B826F}.DebugMDd|x64.Build.0 = Debug|x64
		{F5B9870C-D1BD-408D-A6EE-6E20EA2B826F}.DebugMDd|x86.ActiveCfg = Debug|Win32
		{F5B9870C-D1BD-408D-A6EE-6E20EA2B826F}.DebugMDd|x86.Build.0 = Debug|Win32
		{F5B9870C-D1BD-408D-A6EE-6E20EA2B826F}.Release|ARM.ActiveCfg = Release|Win32
		{F5B9870C-D1BD-408D-A6EE-6E20EA2B826F}.Release|ARM64.ActiveCfg = Release|Win32
		{F5B9870C-D1BD-408D-A6EE-6E20EA2B826F}.Release|Win32.ActiveCfg = Release|Win32
		{F5B9870C-D1BD-408D-A6EE-6E20EA2B826F}.Release|Win32.Build.0 = Release|Win32
		{F5B9870C-D1BD-408D-A6EE-6E20EA2B826F}.Release|x64.ActiveCfg = Release|x64
		{F5B9870C-D1BD-408D-A6EE-6E20EA2B826F}.Release|x64.Build.0 = Release|x64
		{F5B9870C-D1BD-408D-A6EE-6E20EA2B826F}.Release|x86.ActiveCfg = Release|Win32
		{F5B9870C-D1BD-408D-A6EE-6E20EA2B826F}.Release|x86.Build.0 = Release|Win32
		{F5B9870C-D1BD-408D-A6EE-6E20EA2B826F}.ReleaseMD|ARM.ActiveCfg = Debug|Win32
		{F5B9870C-D1BD-408D-A6EE-6E20EA2B826F}.ReleaseMD|ARM.Build.0 = Debug|Win32
		{F5B9870C-D1BD-408D-A6EE-6E20EA2B826F}.ReleaseMD|ARM64.ActiveCfg = Debug|Win32
		{F5B9870C-D1BD-408D-A6EE-6E20EA2B826F}.ReleaseMD|ARM64.Build.0 = Debug|Win32
		{F5B9870C-D1BD-408D-A6EE-6E20EA2B826F}.ReleaseMD|Win32.ActiveCfg = Release|Win32
		{F5B9870C-D1BD-408D-A6EE-6E20EA2B826F}.ReleaseMD|Win32.Build.0 = Release|Win32
		{F5B9870C-D1BD-408D-A6EE-6E20EA2B826F}.ReleaseMD|x64.ActiveCfg = Release|x64
		{F5B9870C-D1BD-408D-A6EE-6E20EA2B826F}.ReleaseMD|x64.Build.0 = Release|x64
		{F5B9870C-D1BD-408D-A6EE-6E20EA2B826F}.ReleaseMD|x86.ActiveCfg = Release|Win32
		{F5B9870C-D1BD-408D-A6EE-6E20EA2B826F}.ReleaseMD|x86.Build.0 = Release|Win32
		{9D658CCE-AF08-4A5A-A394-B8172C52F3B2}.Debug|ARM.ActiveCfg = Debug|Win32
		{9D658CCE-AF08-4A5A-A394-B8172C52F3B2}.Debug|ARM64.ActiveCfg = Debug|Win32
		{9D658CCE-AF08-4A5A-A394-B8172C52F3B2}.Debug|Win32.ActiveCfg = Debug|Win32
		{9D658CCE-AF08-4A5A-A394-B8172C52F3B2}.Debug|Win32.Build.0 = Debug|Win32
		{9D658CCE-AF08-4A5A-A394-B8172C52F3B2}.Debug|x64.ActiveCfg = Debug|x64
		{9D658CCE-AF08-4A5A-A394-B8172C52F3B2}.Debug|x64.Build.0 = Debug|x64
		{9D658CCE-AF08-4A5A-A394-B8172C52F3B2}.Debug|x86.ActiveCfg = Debug|Win32
		{9D658CCE-AF08-4A5A-A394-B8172C52F3B2}.Debug|x86.Build.0 = Debug|Win32
		{9D658CCE-AF08-4A5A-A394-B8172C52F3B2}.DebugMDd|ARM.ActiveCfg = Debug|Win32
		{9D658CCE-AF08-4A5A-A394-B8172C52F3B2}.DebugMDd|ARM.Build.0 = Debug|Win32
		{9D658CCE-AF08-4A5A-A394-B8172C52F3B2}.DebugMDd|ARM64.ActiveCfg = Debug|Win32
		{9D658CCE-AF08-4A5A-A394-B8172C52F3B2}.DebugMDd|ARM64.Build.0 = Debug|Win32
		{9D658CCE-AF08-4A5A-A394-B8172C52F3B2}.DebugMDd|Win32.ActiveCfg = Debug|Win32
		{9D658CCE-AF08-4A5A-A394-B8172C52F3B2}.DebugMDd|Win32.Build.0 = Debug|Win32
		{9D658CCE-AF08-4A5A-A394-B8172C52F3B2}.DebugMDd|x64.ActiveCfg = Debug|x64
		{9D658CCE-AF08-4A5A-A394-B8172C52F3B2}.DebugMDd|x64.Build.0 = Debug|x64
		{9D658CCE-AF08-4A5A-A394-B8172C52F3B2}.DebugMDd|x86.ActiveCfg = Debug|Win32
		{9D658CCE-AF08-4A5A-A394-B8172C52F3B2}.DebugMDd|x86.Build.0 = Debug|Win32
		{9D658CCE-AF08-4A5A-A394-B8172C52F3B2}.Release|ARM.ActiveCfg = Release|Win32
		{9D658CCE-AF08-4A5A-A394-B8172C52F3B2}.Release|ARM64.ActiveCfg = Release|Win32
		{9D658CCE-AF08-4A5A-A394-B8172C52F3B2}.Release|Win32.ActiveCfg = Release|Win32
		{9D658CCE-AF08-4A5A-A394-B8172C52F3B2}.Release|Win32.Build.0 = Release|Win32
		{9D658CCE-AF08-4A5A-A394-B8172C52F3B2}.Release|x64.ActiveCfg = Release|x64
		{9D658CCE-AF08-4A5A-A394-B8172C52F3B2}.Release|x64.Build.0 = Release|x64
		{9D658CCE-AF08-4A5A-A394-B8172C52F3B2}.Release|x86.ActiveCfg = Release|Win32
		{9D658CCE-AF08-4A5A-A394-B8172C52F3B2}.Release|x86.Build.0 = Release|Win32
		{9D658CCE-AF08-4A5A-A394-B8172C52F3B2}.ReleaseMD|ARM.ActiveCfg = Debug|Win32
		{9D658CCE-AF08-4A5A-A394-B8172C52F3B2}.ReleaseMD|ARM.Build.0 = Debug|Win32
		{9D658CCE-AF08-4A5A-A394-B8172C52F3B2}.ReleaseMD|ARM64.ActiveCfg = Debug|Win32
		{9D658CCE-AF08-4A5A-A394-B8172C52F3B2}.ReleaseMD|ARM64.Build.0 = Debug|Win32
		{9D658CCE-AF08-4A5A-A394-B8172C52F3B2}.ReleaseMD|Win32.ActiveCfg = Release|Win32
		{9D658CCE-AF08-4A5A-A394-B8172C52F3B2}.ReleaseMD|Win32.Build.0 = Release|Win32
		{9D658CCE-AF08-4A5A-A394-B8172C52F3B2}.ReleaseMD|x64.ActiveCfg = Release|x64
		{9D658CCE-AF08-4A5A-A394-B8172C52F3B2}.ReleaseMD|x64.Build.0 = Release|x64
		{9D658CCE-AF08-4A5A-A394-B8172C52F3B2}.ReleaseMD|x86.ActiveCfg = Release|Win32
		{9D658CCE-AF08-4A5A-A394-B8172C52F3B2}.ReleaseMD|x86.Build.0 = Release|Win32
		{37489709-8054-4903-9C49-A79846049FC9}.Debug|ARM.ActiveCfg = DebugMDd|ARM
		{37489709-8054-4903-9C49-A79846049FC9}.Debug|ARM.Build.0 = DebugMDd|ARM
		{37489709-8054-4903-9C49-A79846049FC9}.Debug|ARM64.ActiveCfg = DebugMDd|ARM64
		{37489709-8054-4903-9C49-A79846049FC9}.Debug|ARM64.Build.0 = DebugMDd|ARM64
		{37489709-8054-4903-9C49-A79846049FC9}.Debug|Win32.ActiveCfg = DebugMDd|Win32
		{37489709-8054-4903-9C49-A79846049FC9}.Debug|Win32.Build.0 = DebugMDd|Win32
		{37489709-8054-4903-9C49-A79846049FC9}.Debug|x64.ActiveCfg = DebugMDd|x64
		{37489709-8054-4903-9C49-A79846049FC9}.Debug|x64.Build.0 = DebugMDd|x64
		{37489709-8054-4903-9C49-A79846049FC9}.Debug|x86.ActiveCfg = DebugMDd|Win32
		{37489709-8054-4903-9C49-A79846049FC9}.Debug|x86.Build.0 = DebugMDd|Win32
		{37489709-8054-4903-9C49-A79846049FC9}.DebugMDd|ARM.ActiveCfg = DebugMDd|ARM
		{37489709-8054-4903-9C49-A79846049FC9}.DebugMDd|ARM.Build.0 = DebugMDd|ARM
		{37489709-8054-4903-9C49-A79846049FC9}.DebugMDd|ARM64.ActiveCfg = DebugMDd|ARM64
		{37489709-8054-4903-9C49-A79846049FC9}.DebugMDd|ARM64.Build.0 = DebugMDd|ARM64
		{37489709-8054-4903-9C49-A79846049FC9}.DebugMDd|Win32.ActiveCfg = DebugMDd|Win32
		{37489709-8054-4903-9C49-A79846049FC9}.DebugMDd|Win32.Build.0 = DebugMDd|Win32
		{37489709-8054-4903-9C49-A79846049FC9}.DebugMDd|x64.ActiveCfg = DebugMDd|x64
		{37489709-8054-4903-9C49-A79846049FC9}.DebugMDd|x64.Build.0 = DebugMDd|x64
		{37489709-8054-4903-9C49-A79846049FC9}.DebugMDd|x86.ActiveCfg = DebugMDd|Win32
		{37489709-8054-4903-9C49-A79846049FC9}.DebugMDd|x86.Build.0 = DebugMDd|Win32
		{37489709-8054-4903-9C49-A79846049FC9}.Release|ARM.ActiveCfg = ReleaseMD|ARM
		{37489709-8054-4903-9C49-A79846049FC9}.Release|ARM.Build.0 = ReleaseMD|ARM
		{37489709-8054-4903-9C49-A79846049FC9}.Release|ARM64.ActiveCfg = ReleaseMD|ARM64
		{37489709-8054-4903-9C49-A79846049FC9}.Release|ARM64.Build.0 = ReleaseMD|ARM64
		{37489709-8054-4903-9C49-A79846049FC9}.Release|Win32.ActiveCfg = ReleaseMD|Win32
		{37489709-8054-4903-9C49-A79846049FC9}.Release|Win32.Build.0 = ReleaseMD|Win32
		{37489709-8054-4903-9C49-A79846049FC9}.Release|x64.ActiveCfg = ReleaseMD|x64
		{37489709-8054-4903-9C49-A79846049FC9}.Release|x64.Build.0 = ReleaseMD|x64
		{37489709-8054-4903-9C49-A79846049FC9}.Release|x86.ActiveCfg = ReleaseMD|Win32
		{37489709-8054-4903-9C49-A79846049FC9}.Release|x86.Build.0 = ReleaseMD|Win32
		{37489709-8054-4903-9C49-A79846049FC9}.ReleaseMD|ARM.ActiveCfg = ReleaseMD|ARM
		{37489709-8054-4903-9C49-A79846049FC9}.ReleaseMD|ARM.Build.0 = ReleaseMD|ARM
		{37489709-8054-4903-9C49-A79846049FC9}.ReleaseMD|ARM64.ActiveCfg = ReleaseMD|ARM64
		{37489709-8054-4903-9C49-A79846049FC9}.ReleaseMD|ARM64.Build.0 = ReleaseMD|ARM64
		{37489709-8054-4903-9C49-A79846049FC9}.ReleaseMD|Win32.ActiveCfg = ReleaseMD|Win32
		{37489709-8054-4903-9C49-A79846049FC9}.ReleaseMD|Win32.Build.0 = ReleaseMD|Win32
		{37489709-8054-4903-9C49-A79846049FC9}.ReleaseMD|x64.ActiveCfg = ReleaseMD|x64
		{37489709-8054-4903-9C49-A79846049FC9}.ReleaseMD|x64.Build.0 = ReleaseMD|x64
		{37489709-8054-4903-9C49-A79846049FC9}.ReleaseMD|x86.ActiveCfg = ReleaseMD|Win32
		{37489709-8054-4903-9C49-A79846049FC9}.ReleaseMD|x86.Build.0 = ReleaseMD|Win32
	EndGlobalSection
	GlobalSection(SolutionProperties) = preSolution
		HideSolutionNode = FALSE
	EndGlobalSection
	GlobalSection(ExtensibilityGlobals) = postSolution
		SolutionGuid = {6A2AC00D-22D0-49AA-AEEE-19A54700D00A}
	EndGlobalSection
EndGlobal
